{
  "object": {
    "pins": [
      {
        "package": "Rainbow",
        "repositoryURL": "https://github.com/onevcat/Rainbow",
        "state": {
          "branch": null,
          "revision": "dfe579abc72347618e0ffde4faa36fa085c5f3bc",
          "version": "3.0.0"
        }
      },
      {
        "package": "SSpec",
        "repositoryURL": "https://github.com/dimakura/SSpec",
        "state": {
          "branch": null,
          "revision": "5640f7bbdbef2dba337169cb6ccc1365eaf79d2b",
          "version": "0.1.1"
        }
      }
    ]
  },
  "version": 1
}
